<?xml version="1.0" encoding="utf-8"?>
<Project ToolsVersion="4.0" xmlns="http://schemas.microsoft.com/developer/msbuild/2003">
  <ItemGroup>
    <Filter Include="Source Files">
      <UniqueIdentifier>{4FC737F1-C7A5-4376-A066-2A32D752A2FF}</UniqueIdentifier>
      <Extensions>cpp;c;cc;cxx;c++;def;odl;idl;hpj;bat;asm;asmx</Extensions>
    </Filter>
    <Filter Include="Header Files">
      <UniqueIdentifier>{93995380-89BD-4b04-88EB-625FBE52EBFB}</UniqueIdentifier>
      <Extensions>h;hh;hpp;hxx;h++;hm;inl;inc;ipp;xsd</Extensions>
    </Filter>
    <Filter Include="Resource Files">
      <UniqueIdentifier>{67DA6AB6-F800-4c08-8B7A-83BB121AAD01}</UniqueIdentifier>
      <Extensions>rc;ico;cur;bmp;dlg;rc2;rct;bin;rgs;gif;jpg;jpeg;jpe;resx;tiff;tif;png;wav;mfcribbon-ms</Extensions>
    </Filter>
  </ItemGroup>
  <ItemGroup>
    <ClCompile Include="src\controller\MountainsStatisticalAddonsCtrl.cpp">
      <Filter>Source Files</Filter>
    </ClCompile>
    <ClCompile Include="src\MountainsStatisticalAddonsPropPage.cpp">
      <Filter>Source Files</Filter>
    </ClCompile>
    <ClCompile Include="src\pch.cpp">
      <Filter>Source Files</Filter>
    </ClCompile>
    <ClCompile Include="src\MountainsStatisticalAddons.cpp">
      <Filter>Source Files</Filter>
    </ClCompile>
    <ClCompile Include="AddonStorage.cpp">
      <Filter>Source Files</Filter>
    </ClCompile>
  </ItemGroup>
  <ItemGroup>
    <ClInclude Include="src\targetver.h">
      <Filter>Header Files</Filter>
    </ClInclude>
    <ClInclude Include="resources\Resource.h">
      <Filter>Header Files</Filter>
    </ClInclude>
    <ClInclude Include="src\controller\MountainsStatisticalAddonsCtrl.h">
      <Filter>Header Files</Filter>
    </ClInclude>
    <ClInclude Include="src\MountainsStatisticalAddonsPropPage.h">
      <Filter>Header Files</Filter>
    </ClInclude>
    <ClInclude Include="src\pch.h">
      <Filter>Header Files</Filter>
    </ClInclude>
    <ClInclude Include="src\AddonDispatchID.h">
      <Filter>Header Files</Filter>
    </ClInclude>
    <ClInclude Include="src\MountainsStatisticalAddons.h">
      <Filter>Header Files</Filter>
    </ClInclude>
    <ClInclude Include="AddonStorage.h">
      <Filter>Header Files</Filter>
    </ClInclude>
  </ItemGroup>
  <ItemGroup>
    <None Include="build\Mountains-Statistical-Addons.def">
      <Filter>Source Files</Filter>
    </None>
    <None Include="python\Mountains-Statistical-Addons.py">
      <Filter>Source Files</Filter>
    </None>
  </ItemGroup>
  <ItemGroup>
    <ResourceCompile Include="resources\Mountains-Statistical-Addons.rc">
      <Filter>Resource Files</Filter>
    </ResourceCompile>
  </ItemGroup>
  <ItemGroup>
    <Midl Include="build\MountainsStatisticalAddons.idl">
      <Filter>Source Files</Filter>
    </Midl>
  </ItemGroup>
  <ItemGroup>
    <Image Include="resources\MountainsStatisticalAddonsCtrl.bmp">
      <Filter>Resource Files</Filter>
    </Image>
    <Image Include="resources\Mountains-Statistical-Addons.ico">
      <Filter>Resource Files</Filter>
    </Image>
    <Image Include="python\Mountains-Statistical-Addons.ico">
      <Filter>Resource Files</Filter>
    </Image>
  </ItemGroup>
</Project>